{
  "name": "app",
  "version": "1.0.0",
  "lockfileVersion": 3,
  "requires": true,
  "packages": {
    "": {
      "name": "app",
      "version": "1.0.0",
      "license": "ISC",
      "dependencies": {
        "node-script": "file:../script"
      }
    },
    "../script": {
      "version": "1.0.0",
      "license": "ISC",
      "bin": {
        "print": "index.js"
      }
    },
    "node_modules/node-script": {
      "resolved": "../script",
      "link": true
    }
  }
}
